{
  "name": "hackson",
  "lockfileVersion": 3,
  "requires": true,
  "packages": {
    "": {
      "dependencies": {
        "replicate": "^0.18.0"
      }
    },
    "node_modules/replicate": {
      "version": "0.18.0",
      "resolved": "https://registry.npmjs.org/replicate/-/replicate-0.18.0.tgz",
      "integrity": "sha512-b1SabhR4XFXqWbM4551tmc7hL+x+dnzka9YA6lcbzbyGDPHKELRdgRc6nn9jxK1VyTg70O39mCIo0e15DVZELw==",
      "engines": {
        "git": ">=2.11.0",
        "node": ">=18.0.0",
        "npm": ">=7.19.0",
        "yarn": ">=1.7.0"
      }
    }
  }
}
